
Microsoft Visual Studio Solution File, Format Version 12.00
# Visual Studio Version 17
VisualStudioVersion = 17.3.32901.215
MinimumVisualStudioVersion = 10.0.40219.1
Project("{9A19103F-16F7-4668-BE54-9A1E7A4F7556}") = "WorldSimService", "WorldSim\WorldSimService.csproj", "{644B4966-ECF2-4D69-A628-C5194D34A6C1}"
EndProject
Project("{9A19103F-16F7-4668-BE54-9A1E7A4F7556}") = "WorldSimAPI", "WorldSimAPI\WorldSimAPI.csproj", "{E9C8F64A-B36B-4D74-945D-E045FD6BDAD5}"
EndProject
Project("{FAE04EC0-301F-11D3-BF4B-00C04F79EFBC}") = "TinkerWorX.AccidentalNoiseLibrary", "AccidentalNoiseLibrary\TinkerWorX.AccidentalNoiseLibrary.csproj", "{E8D255F5-FE68-4720-AF02-B1AD7495B322}"
EndProject
Project("{FAE04EC0-301F-11D3-BF4B-00C04F79EFBC}") = "ProceduralNameGenerator", "NameGenerator\ProceduralNameGenerator.csproj", "{89EA437A-D094-49C3-B8DE-B69BB50A63B8}"
EndProject
Project("{9A19103F-16F7-4668-BE54-9A1E7A4F7556}") = "WorldSimLib", "WorldSimLib\WorldSimLib\WorldSimLib.csproj", "{2304225A-259D-4F51-B77B-A91389D8187A}"
EndProject
Global
	GlobalSection(SolutionConfigurationPlatforms) = preSolution
		Debug|Any CPU = Debug|Any CPU
		Release|Any CPU = Release|Any CPU
	EndGlobalSection
	GlobalSection(ProjectConfigurationPlatforms) = postSolution
		{644B4966-ECF2-4D69-A628-C5194D34A6C1}.Debug|Any CPU.ActiveCfg = Debug|Any CPU
		{644B4966-ECF2-4D69-A628-C5194D34A6C1}.Debug|Any CPU.Build.0 = Debug|Any CPU
		{644B4966-ECF2-4D69-A628-C5194D34A6C1}.Release|Any CPU.ActiveCfg = Release|Any CPU
		{644B4966-ECF2-4D69-A628-C5194D34A6C1}.Release|Any CPU.Build.0 = Release|Any CPU
		{E9C8F64A-B36B-4D74-945D-E045FD6BDAD5}.Debug|Any CPU.ActiveCfg = Debug|Any CPU
		{E9C8F64A-B36B-4D74-945D-E045FD6BDAD5}.Debug|Any CPU.Build.0 = Debug|Any CPU
		{E9C8F64A-B36B-4D74-945D-E045FD6BDAD5}.Release|Any CPU.ActiveCfg = Release|Any CPU
		{E9C8F64A-B36B-4D74-945D-E045FD6BDAD5}.Release|Any CPU.Build.0 = Release|Any CPU
		{E8D255F5-FE68-4720-AF02-B1AD7495B322}.Debug|Any CPU.ActiveCfg = Debug|Any CPU
		{E8D255F5-FE68-4720-AF02-B1AD7495B322}.Debug|Any CPU.Build.0 = Debug|Any CPU
		{E8D255F5-FE68-4720-AF02-B1AD7495B322}.Release|Any CPU.ActiveCfg = Release|Any CPU
		{E8D255F5-FE68-4720-AF02-B1AD7495B322}.Release|Any CPU.Build.0 = Release|Any CPU
		{89EA437A-D094-49C3-B8DE-B69BB50A63B8}.Debug|Any CPU.ActiveCfg = Debug|Any CPU
		{89EA437A-D094-49C3-B8DE-B69BB50A63B8}.Debug|Any CPU.Build.0 = Debug|Any CPU
		{89EA437A-D094-49C3-B8DE-B69BB50A63B8}.Release|Any CPU.ActiveCfg = Release|Any CPU
		{89EA437A-D094-49C3-B8DE-B69BB50A63B8}.Release|Any CPU.Build.0 = Release|Any CPU
		{2304225A-259D-4F51-B77B-A91389D8187A}.Debug|Any CPU.ActiveCfg = Debug|Any CPU
		{2304225A-259D-4F51-B77B-A91389D8187A}.Debug|Any CPU.Build.0 = Debug|Any CPU
		{2304225A-259D-4F51-B77B-A91389D8187A}.Release|Any CPU.ActiveCfg = Release|Any CPU
		{2304225A-259D-4F51-B77B-A91389D8187A}.Release|Any CPU.Build.0 = Release|Any CPU
	EndGlobalSection
	GlobalSection(SolutionProperties) = preSolution
		HideSolutionNode = FALSE
	EndGlobalSection
	GlobalSection(ExtensibilityGlobals) = postSolution
		SolutionGuid = {3E5613EE-FEDE-4BBE-922B-A9F0116E44B6}
	EndGlobalSection
EndGlobal
